PODS:
  - SDWebImage (5.18.3):
    - SDWebImage/Core (= 5.18.3)
  - SDWebImage/Core (5.18.3)

DEPENDENCIES:
  - SDWebImage

SPEC REPOS:
  trunk:
    - SDWebImage

SPEC CHECKSUMS:
  SDWebImage: 96e0c18ef14010b7485210e92fac888587ebb958

PODFILE CHECKSUM: 037f96bc0c20331ab8edd46ab768d8467b8d7203

COCOAPODS: 1.13.0
