// !$*UTF8*$!
{
	archiveVersion = 1;
	classes = {
	};
	objectVersion = 56;
	objects = {

/* Begin PBXBuildFile section */
		6965B998C12FD89D87ACE011 /* Pods_PersonalBlog.framework in Frameworks */ = {isa = PBXBuildFile; fileRef = DE51DED852104BDFEA83FD76 /* Pods_PersonalBlog.framework */; };
		9E507C6C2AE108200079C611 /* AppDelegate.swift in Sources */ = {isa = PBXBuildFile; fileRef = 9E507C6B2AE108200079C611 /* AppDelegate.swift */; };
		9E507C6E2AE108200079C611 /* SceneDelegate.swift in Sources */ = {isa = PBXBuildFile; fileRef = 9E507C6D2AE108200079C611 /* SceneDelegate.swift */; };
		9E507C702AE108200079C611 /* HomeViewController.swift in Sources */ = {isa = PBXBuildFile; fileRef = 9E507C6F2AE108200079C611 /* HomeViewController.swift */; };
		9E507C752AE108210079C611 /* Assets.xcassets in Resources */ = {isa = PBXBuildFile; fileRef = 9E507C742AE108210079C611 /* Assets.xcassets */; };
		9E507C782AE108210079C611 /* LaunchScreen.storyboard in Resources */ = {isa = PBXBuildFile; fileRef = 9E507C762AE108210079C611 /* LaunchScreen.storyboard */; };
		9E507C872AE212A10079C611 /* ProfileViewController.swift in Sources */ = {isa = PBXBuildFile; fileRef = 9E507C862AE212A10079C611 /* ProfileViewController.swift */; };
		9E507C892AE212D10079C611 /* TabBarViewController.swift in Sources */ = {isa = PBXBuildFile; fileRef = 9E507C882AE212D10079C611 /* TabBarViewController.swift */; };
		9E507C8C2AE2131B0079C611 /* SignInViewController.swift in Sources */ = {isa = PBXBuildFile; fileRef = 9E507C8B2AE2131B0079C611 /* SignInViewController.swift */; };
		9E507C8E2AE213320079C611 /* SignUpViewController.swift in Sources */ = {isa = PBXBuildFile; fileRef = 9E507C8D2AE213320079C611 /* SignUpViewController.swift */; };
		9E507C912AE214280079C611 /* CreateNewPostViewController.swift in Sources */ = {isa = PBXBuildFile; fileRef = 9E507C902AE214280079C611 /* CreateNewPostViewController.swift */; };
		9E507C932AE2144B0079C611 /* IAPManager.swift in Sources */ = {isa = PBXBuildFile; fileRef = 9E507C922AE2144B0079C611 /* IAPManager.swift */; };
		9E507C952AE2145E0079C611 /* DatabaseManager.swift in Sources */ = {isa = PBXBuildFile; fileRef = 9E507C942AE2145D0079C611 /* DatabaseManager.swift */; };
		9E507C972AE214640079C611 /* AuthManager.swift in Sources */ = {isa = PBXBuildFile; fileRef = 9E507C962AE214640079C611 /* AuthManager.swift */; };
		9E507C992AE2146E0079C611 /* StorageManager.swift in Sources */ = {isa = PBXBuildFile; fileRef = 9E507C982AE2146E0079C611 /* StorageManager.swift */; };
		9E507C9B2AE22C4B0079C611 /* Extensions.swift in Sources */ = {isa = PBXBuildFile; fileRef = 9E507C9A2AE22C4B0079C611 /* Extensions.swift */; };
		9E507C9D2AE22ECE0079C611 /* User.swift in Sources */ = {isa = PBXBuildFile; fileRef = 9E507C9C2AE22ECE0079C611 /* User.swift */; };
		9E507C9F2AE22ED60079C611 /* BlogPost.swift in Sources */ = {isa = PBXBuildFile; fileRef = 9E507C9E2AE22ED60079C611 /* BlogPost.swift */; };
		9E507CA32AE232860079C611 /* PayWallViewController.swift in Sources */ = {isa = PBXBuildFile; fileRef = 9E507CA22AE232860079C611 /* PayWallViewController.swift */; };
		BD693EB42AE35C620047306D /* GoogleService-Info.plist in Resources */ = {isa = PBXBuildFile; fileRef = BD693EB32AE35C620047306D /* GoogleService-Info.plist */; };
/* End PBXBuildFile section */

/* Begin PBXFileReference section */
		133C330241965473401379F9 /* Pods-PersonalBlog.release.xcconfig */ = {isa = PBXFileReference; includeInIndex = 1; lastKnownFileType = text.xcconfig; name = "Pods-PersonalBlog.release.xcconfig"; path = "Target Support Files/Pods-PersonalBlog/Pods-PersonalBlog.release.xcconfig"; sourceTree = "<group>"; };
		9E507C682AE108200079C611 /* PersonalBlog.app */ = {isa = PBXFileReference; explicitFileType = wrapper.application; includeInIndex = 0; path = PersonalBlog.app; sourceTree = BUILT_PRODUCTS_DIR; };
		9E507C6B2AE108200079C611 /* AppDelegate.swift */ = {isa = PBXFileReference; lastKnownFileType = sourcecode.swift; path = AppDelegate.swift; sourceTree = "<group>"; };
		9E507C6D2AE108200079C611 /* SceneDelegate.swift */ = {isa = PBXFileReference; lastKnownFileType = sourcecode.swift; path = SceneDelegate.swift; sourceTree = "<group>"; };
		9E507C6F2AE108200079C611 /* HomeViewController.swift */ = {isa = PBXFileReference; lastKnownFileType = sourcecode.swift; path = HomeViewController.swift; sourceTree = "<group>"; };
		9E507C742AE108210079C611 /* Assets.xcassets */ = {isa = PBXFileReference; lastKnownFileType = folder.assetcatalog; path = Assets.xcassets; sourceTree = "<group>"; };
		9E507C772AE108210079C611 /* Base */ = {isa = PBXFileReference; lastKnownFileType = file.storyboard; name = Base; path = Base.lproj/LaunchScreen.storyboard; sourceTree = "<group>"; };
		9E507C792AE108210079C611 /* Info.plist */ = {isa = PBXFileReference; lastKnownFileType = text.plist.xml; path = Info.plist; sourceTree = "<group>"; };
		9E507C862AE212A10079C611 /* ProfileViewController.swift */ = {isa = PBXFileReference; lastKnownFileType = sourcecode.swift; path = ProfileViewController.swift; sourceTree = "<group>"; };
		9E507C882AE212D10079C611 /* TabBarViewController.swift */ = {isa = PBXFileReference; lastKnownFileType = sourcecode.swift; path = TabBarViewController.swift; sourceTree = "<group>"; };
		9E507C8B2AE2131B0079C611 /* SignInViewController.swift */ = {isa = PBXFileReference; lastKnownFileType = sourcecode.swift; path = SignInViewController.swift; sourceTree = "<group>"; };
		9E507C8D2AE213320079C611 /* SignUpViewController.swift */ = {isa = PBXFileReference; lastKnownFileType = sourcecode.swift; path = SignUpViewController.swift; sourceTree = "<group>"; };
		9E507C902AE214280079C611 /* CreateNewPostViewController.swift */ = {isa = PBXFileReference; lastKnownFileType = sourcecode.swift; path = CreateNewPostViewController.swift; sourceTree = "<group>"; };
		9E507C922AE2144B0079C611 /* IAPManager.swift */ = {isa = PBXFileReference; lastKnownFileType = sourcecode.swift; path = IAPManager.swift; sourceTree = "<group>"; };
		9E507C942AE2145D0079C611 /* DatabaseManager.swift */ = {isa = PBXFileReference; lastKnownFileType = sourcecode.swift; path = DatabaseManager.swift; sourceTree = "<group>"; };
		9E507C962AE214640079C611 /* AuthManager.swift */ = {isa = PBXFileReference; lastKnownFileType = sourcecode.swift; path = AuthManager.swift; sourceTree = "<group>"; };
		9E507C982AE2146E0079C611 /* StorageManager.swift */ = {isa = PBXFileReference; lastKnownFileType = sourcecode.swift; path = StorageManager.swift; sourceTree = "<group>"; };
		9E507C9A2AE22C4B0079C611 /* Extensions.swift */ = {isa = PBXFileReference; lastKnownFileType = sourcecode.swift; path = Extensions.swift; sourceTree = "<group>"; };
		9E507C9C2AE22ECE0079C611 /* User.swift */ = {isa = PBXFileReference; lastKnownFileType = sourcecode.swift; path = User.swift; sourceTree = "<group>"; };
		9E507C9E2AE22ED60079C611 /* BlogPost.swift */ = {isa = PBXFileReference; lastKnownFileType = sourcecode.swift; path = BlogPost.swift; sourceTree = "<group>"; };
		9E507CA22AE232860079C611 /* PayWallViewController.swift */ = {isa = PBXFileReference; lastKnownFileType = sourcecode.swift; path = PayWallViewController.swift; sourceTree = "<group>"; };
		9E507CA42AE23BB10079C611 /* Configuration.storekit */ = {isa = PBXFileReference; lastKnownFileType = text; path = Configuration.storekit; sourceTree = "<group>"; };
		BD693EB32AE35C620047306D /* GoogleService-Info.plist */ = {isa = PBXFileReference; fileEncoding = 4; lastKnownFileType = text.plist.xml; path = "GoogleService-Info.plist"; sourceTree = "<group>"; };
		D77F7622CDA155104248D516 /* Pods-PersonalBlog.debug.xcconfig */ = {isa = PBXFileReference; includeInIndex = 1; lastKnownFileType = text.xcconfig; name = "Pods-PersonalBlog.debug.xcconfig"; path = "Target Support Files/Pods-PersonalBlog/Pods-PersonalBlog.debug.xcconfig"; sourceTree = "<group>"; };
		DE51DED852104BDFEA83FD76 /* Pods_PersonalBlog.framework */ = {isa = PBXFileReference; explicitFileType = wrapper.framework; includeInIndex = 0; path = Pods_PersonalBlog.framework; sourceTree = BUILT_PRODUCTS_DIR; };
/* End PBXFileReference section */

/* Begin PBXFrameworksBuildPhase section */
		9E507C652AE108200079C611 /* Frameworks */ = {
			isa = PBXFrameworksBuildPhase;
			buildActionMask = 2147483647;
			files = (
				6965B998C12FD89D87ACE011 /* Pods_PersonalBlog.framework in Frameworks */,
			);
			runOnlyForDeploymentPostprocessing = 0;
		};
/* End PBXFrameworksBuildPhase section */

/* Begin PBXGroup section */
		9E507C5F2AE108200079C611 = {
			isa = PBXGroup;
			children = (
				9E507C6A2AE108200079C611 /* PersonalBlog */,
				9E507C692AE108200079C611 /* Products */,
				D35BA1381A3515EA58EF24E7 /* Pods */,
				E2F910048BEB0217EAD9FC6B /* Frameworks */,
			);
			sourceTree = "<group>";
		};
		9E507C692AE108200079C611 /* Products */ = {
			isa = PBXGroup;
			children = (
				9E507C682AE108200079C611 /* PersonalBlog.app */,
			);
			name = Products;
			sourceTree = "<group>";
		};
		9E507C6A2AE108200079C611 /* PersonalBlog */ = {
			isa = PBXGroup;
			children = (
				9E507C852AE211EB0079C611 /* Resources */,
				9E507C842AE211D30079C611 /* Managers */,
				9E507C832AE211CE0079C611 /* Views */,
				9E507C822AE211C60079C611 /* Controllers */,
				9E507C812AE211BF0079C611 /* Models */,
				9E507C792AE108210079C611 /* Info.plist */,
				BD693EB32AE35C620047306D /* GoogleService-Info.plist */,
			);
			path = PersonalBlog;
			sourceTree = "<group>";
		};
		9E507C812AE211BF0079C611 /* Models */ = {
			isa = PBXGroup;
			children = (
				9E507C9C2AE22ECE0079C611 /* User.swift */,
				9E507C9E2AE22ED60079C611 /* BlogPost.swift */,
			);
			path = Models;
			sourceTree = "<group>";
		};
		9E507C822AE211C60079C611 /* Controllers */ = {
			isa = PBXGroup;
			children = (
				9E507CA52AE23BB90079C611 /* CoreTabs */,
				9E507C8F2AE213F50079C611 /* SubVC */,
				9E507C8A2AE213010079C611 /* Onboarding */,
			);
			path = Controllers;
			sourceTree = "<group>";
		};
		9E507C832AE211CE0079C611 /* Views */ = {
			isa = PBXGroup;
			children = (
			);
			path = Views;
			sourceTree = "<group>";
		};
		9E507C842AE211D30079C611 /* Managers */ = {
			isa = PBXGroup;
			children = (
				9E507C922AE2144B0079C611 /* IAPManager.swift */,
				9E507C942AE2145D0079C611 /* DatabaseManager.swift */,
				9E507C962AE214640079C611 /* AuthManager.swift */,
				9E507C982AE2146E0079C611 /* StorageManager.swift */,
			);
			path = Managers;
			sourceTree = "<group>";
		};
		9E507C852AE211EB0079C611 /* Resources */ = {
			isa = PBXGroup;
			children = (
				9E507C6B2AE108200079C611 /* AppDelegate.swift */,
				9E507C6D2AE108200079C611 /* SceneDelegate.swift */,
				9E507C742AE108210079C611 /* Assets.xcassets */,
				9E507C762AE108210079C611 /* LaunchScreen.storyboard */,
				9E507C9A2AE22C4B0079C611 /* Extensions.swift */,
			);
			path = Resources;
			sourceTree = "<group>";
		};
		9E507C8A2AE213010079C611 /* Onboarding */ = {
			isa = PBXGroup;
			children = (
				9E507C8B2AE2131B0079C611 /* SignInViewController.swift */,
				9E507C8D2AE213320079C611 /* SignUpViewController.swift */,
			);
			path = Onboarding;
			sourceTree = "<group>";
		};
		9E507C8F2AE213F50079C611 /* SubVC */ = {
			isa = PBXGroup;
			children = (
				9E507C902AE214280079C611 /* CreateNewPostViewController.swift */,
				9E507CA22AE232860079C611 /* PayWallViewController.swift */,
			);
			path = SubVC;
			sourceTree = "<group>";
		};
		9E507CA52AE23BB90079C611 /* CoreTabs */ = {
			isa = PBXGroup;
			children = (
				9E507C6F2AE108200079C611 /* HomeViewController.swift */,
				9E507C862AE212A10079C611 /* ProfileViewController.swift */,
				9E507C882AE212D10079C611 /* TabBarViewController.swift */,
				9E507CA42AE23BB10079C611 /* Configuration.storekit */,
			);
			path = CoreTabs;
			sourceTree = "<group>";
		};
		D35BA1381A3515EA58EF24E7 /* Pods */ = {
			isa = PBXGroup;
			children = (
				D77F7622CDA155104248D516 /* Pods-PersonalBlog.debug.xcconfig */,
				133C330241965473401379F9 /* Pods-PersonalBlog.release.xcconfig */,
			);
			path = Pods;
			sourceTree = "<group>";
		};
		E2F910048BEB0217EAD9FC6B /* Frameworks */ = {
			isa = PBXGroup;
			children = (
				DE51DED852104BDFEA83FD76 /* Pods_PersonalBlog.framework */,
			);
			name = Frameworks;
			sourceTree = "<group>";
		};
/* End PBXGroup section */

/* Begin PBXNativeTarget section */
		9E507C672AE108200079C611 /* PersonalBlog */ = {
			isa = PBXNativeTarget;
			buildConfigurationList = 9E507C7C2AE108210079C611 /* Build configuration list for PBXNativeTarget "PersonalBlog" */;
			buildPhases = (
				FDB634C087BE2F509E223F07 /* [CP] Check Pods Manifest.lock */,
				9E507C642AE108200079C611 /* Sources */,
				9E507C652AE108200079C611 /* Frameworks */,
				9E507C662AE108200079C611 /* Resources */,
				77BDD9002A564FB5C9759F64 /* [CP] Embed Pods Frameworks */,
			);
			buildRules = (
			);
			dependencies = (
			);
			name = PersonalBlog;
			productName = PersonalBlog;
			productReference = 9E507C682AE108200079C611 /* PersonalBlog.app */;
			productType = "com.apple.product-type.application";
		};
/* End PBXNativeTarget section */

/* Begin PBXProject section */
		9E507C602AE108200079C611 /* Project object */ = {
			isa = PBXProject;
			attributes = {
				BuildIndependentTargetsInParallel = 1;
				LastSwiftUpdateCheck = 1430;
				LastUpgradeCheck = 1430;
				TargetAttributes = {
					9E507C672AE108200079C611 = {
						CreatedOnToolsVersion = 14.3.1;
					};
				};
			};
			buildConfigurationList = 9E507C632AE108200079C611 /* Build configuration list for PBXProject "PersonalBlog" */;
			compatibilityVersion = "Xcode 14.0";
			developmentRegion = en;
			hasScannedForEncodings = 0;
			knownRegions = (
				en,
				Base,
			);
			mainGroup = 9E507C5F2AE108200079C611;
			productRefGroup = 9E507C692AE108200079C611 /* Products */;
			projectDirPath = "";
			projectRoot = "";
			targets = (
				9E507C672AE108200079C611 /* PersonalBlog */,
			);
		};
/* End PBXProject section */

/* Begin PBXResourcesBuildPhase section */
		9E507C662AE108200079C611 /* Resources */ = {
			isa = PBXResourcesBuildPhase;
			buildActionMask = 2147483647;
			files = (
				9E507C782AE108210079C611 /* LaunchScreen.storyboard in Resources */,
				9E507C752AE108210079C611 /* Assets.xcassets in Resources */,
				BD693EB42AE35C620047306D /* GoogleService-Info.plist in Resources */,
			);
			runOnlyForDeploymentPostprocessing = 0;
		};
/* End PBXResourcesBuildPhase section */

/* Begin PBXShellScriptBuildPhase section */
		77BDD9002A564FB5C9759F64 /* [CP] Embed Pods Frameworks */ = {
			isa = PBXShellScriptBuildPhase;
			buildActionMask = 2147483647;
			files = (
			);
			inputFileListPaths = (
				"${PODS_ROOT}/Target Support Files/Pods-PersonalBlog/Pods-PersonalBlog-frameworks-${CONFIGURATION}-input-files.xcfilelist",
			);
			name = "[CP] Embed Pods Frameworks";
			outputFileListPaths = (
				"${PODS_ROOT}/Target Support Files/Pods-PersonalBlog/Pods-PersonalBlog-frameworks-${CONFIGURATION}-output-files.xcfilelist",
			);
			runOnlyForDeploymentPostprocessing = 0;
			shellPath = /bin/sh;
			shellScript = "\"${PODS_ROOT}/Target Support Files/Pods-PersonalBlog/Pods-PersonalBlog-frameworks.sh\"\n";
			showEnvVarsInLog = 0;
		};
		FDB634C087BE2F509E223F07 /* [CP] Check Pods Manifest.lock */ = {
			isa = PBXShellScriptBuildPhase;
			buildActionMask = 2147483647;
			files = (
			);
			inputFileListPaths = (
			);
			inputPaths = (
				"${PODS_PODFILE_DIR_PATH}/Podfile.lock",
				"${PODS_ROOT}/Manifest.lock",
			);
			name = "[CP] Check Pods Manifest.lock";
			outputFileListPaths = (
			);
			outputPaths = (
				"$(DERIVED_FILE_DIR)/Pods-PersonalBlog-checkManifestLockResult.txt",
			);
			runOnlyForDeploymentPostprocessing = 0;
			shellPath = /bin/sh;
			shellScript = "diff \"${PODS_PODFILE_DIR_PATH}/Podfile.lock\" \"${PODS_ROOT}/Manifest.lock\" > /dev/null\nif [ $? != 0 ] ; then\n    # print error to STDERR\n    echo \"error: The sandbox is not in sync with the Podfile.lock. Run 'pod install' or update your CocoaPods installation.\" >&2\n    exit 1\nfi\n# This output is used by Xcode 'outputs' to avoid re-running this script phase.\necho \"SUCCESS\" > \"${SCRIPT_OUTPUT_FILE_0}\"\n";
			showEnvVarsInLog = 0;
		};
/* End PBXShellScriptBuildPhase section */

/* Begin PBXSourcesBuildPhase section */
		9E507C642AE108200079C611 /* Sources */ = {
			isa = PBXSourcesBuildPhase;
			buildActionMask = 2147483647;
			files = (
				9E507C9F2AE22ED60079C611 /* BlogPost.swift in Sources */,
				9E507C932AE2144B0079C611 /* IAPManager.swift in Sources */,
				9E507C702AE108200079C611 /* HomeViewController.swift in Sources */,
				9E507C952AE2145E0079C611 /* DatabaseManager.swift in Sources */,
				9E507C992AE2146E0079C611 /* StorageManager.swift in Sources */,
				9E507C6C2AE108200079C611 /* AppDelegate.swift in Sources */,
				9E507C8E2AE213320079C611 /* SignUpViewController.swift in Sources */,
				9E507C9D2AE22ECE0079C611 /* User.swift in Sources */,
				9E507C8C2AE2131B0079C611 /* SignInViewController.swift in Sources */,
				9E507C872AE212A10079C611 /* ProfileViewController.swift in Sources */,
				9E507C9B2AE22C4B0079C611 /* Extensions.swift in Sources */,
				9E507C912AE214280079C611 /* CreateNewPostViewController.swift in Sources */,
				9E507C972AE214640079C611 /* AuthManager.swift in Sources */,
				9E507C892AE212D10079C611 /* TabBarViewController.swift in Sources */,
				9E507C6E2AE108200079C611 /* SceneDelegate.swift in Sources */,
				9E507CA32AE232860079C611 /* PayWallViewController.swift in Sources */,
			);
			runOnlyForDeploymentPostprocessing = 0;
		};
/* End PBXSourcesBuildPhase section */

/* Begin PBXVariantGroup section */
		9E507C762AE108210079C611 /* LaunchScreen.storyboard */ = {
			isa = PBXVariantGroup;
			children = (
				9E507C772AE108210079C611 /* Base */,
			);
			name = LaunchScreen.storyboard;
			sourceTree = "<group>";
		};
/* End PBXVariantGroup section */

/* Begin XCBuildConfiguration section */
		9E507C7A2AE108210079C611 /* Debug */ = {
			isa = XCBuildConfiguration;
			buildSettings = {
				ALWAYS_SEARCH_USER_PATHS = NO;
				CLANG_ANALYZER_NONNULL = YES;
				CLANG_ANALYZER_NUMBER_OBJECT_CONVERSION = YES_AGGRESSIVE;
				CLANG_CXX_LANGUAGE_STANDARD = "gnu++20";
				CLANG_ENABLE_MODULES = YES;
				CLANG_ENABLE_OBJC_ARC = YES;
				CLANG_ENABLE_OBJC_WEAK = YES;
				CLANG_WARN_BLOCK_CAPTURE_AUTORELEASING = YES;
				CLANG_WARN_BOOL_CONVERSION = YES;
				CLANG_WARN_COMMA = YES;
				CLANG_WARN_CONSTANT_CONVERSION = YES;
				CLANG_WARN_DEPRECATED_OBJC_IMPLEMENTATIONS = YES;
				CLANG_WARN_DIRECT_OBJC_ISA_USAGE = YES_ERROR;
				CLANG_WARN_DOCUMENTATION_COMMENTS = YES;
				CLANG_WARN_EMPTY_BODY = YES;
				CLANG_WARN_ENUM_CONVERSION = YES;
				CLANG_WARN_INFINITE_RECURSION = YES;
				CLANG_WARN_INT_CONVERSION = YES;
				CLANG_WARN_NON_LITERAL_NULL_CONVERSION = YES;
				CLANG_WARN_OBJC_IMPLICIT_RETAIN_SELF = YES;
				CLANG_WARN_OBJC_LITERAL_CONVERSION = YES;
				CLANG_WARN_OBJC_ROOT_CLASS = YES_ERROR;
				CLANG_WARN_QUOTED_INCLUDE_IN_FRAMEWORK_HEADER = YES;
				CLANG_WARN_RANGE_LOOP_ANALYSIS = YES;
				CLANG_WARN_STRICT_PROTOTYPES = YES;
				CLANG_WARN_SUSPICIOUS_MOVE = YES;
				CLANG_WARN_UNGUARDED_AVAILABILITY = YES_AGGRESSIVE;
				CLANG_WARN_UNREACHABLE_CODE = YES;
				CLANG_WARN__DUPLICATE_METHOD_MATCH = YES;
				COPY_PHASE_STRIP = NO;
				DEBUG_INFORMATION_FORMAT = dwarf;
				ENABLE_STRICT_OBJC_MSGSEND = YES;
				ENABLE_TESTABILITY = YES;
				GCC_C_LANGUAGE_STANDARD = gnu11;
				GCC_DYNAMIC_NO_PIC = NO;
				GCC_NO_COMMON_BLOCKS = YES;
				GCC_OPTIMIZATION_LEVEL = 0;
				GCC_PREPROCESSOR_DEFINITIONS = (
					"DEBUG=1",
					"$(inherited)",
				);
				GCC_WARN_64_TO_32_BIT_CONVERSION = YES;
				GCC_WARN_ABOUT_RETURN_TYPE = YES_ERROR;
				GCC_WARN_UNDECLARED_SELECTOR = YES;
				GCC_WARN_UNINITIALIZED_AUTOS = YES_AGGRESSIVE;
				GCC_WARN_UNUSED_FUNCTION = YES;
				GCC_WARN_UNUSED_VARIABLE = YES;
				IPHONEOS_DEPLOYMENT_TARGET = 16.4;
				MTL_ENABLE_DEBUG_INFO = INCLUDE_SOURCE;
				MTL_FAST_MATH = YES;
				ONLY_ACTIVE_ARCH = YES;
				SDKROOT = iphoneos;
				SWIFT_ACTIVE_COMPILATION_CONDITIONS = DEBUG;
				SWIFT_OPTIMIZATION_LEVEL = "-Onone";
			};
			name = Debug;
		};
		9E507C7B2AE108210079C611 /* Release */ = {
			isa = XCBuildConfiguration;
			buildSettings = {
				ALWAYS_SEARCH_USER_PATHS = NO;
				CLANG_ANALYZER_NONNULL = YES;
				CLANG_ANALYZER_NUMBER_OBJECT_CONVERSION = YES_AGGRESSIVE;
				CLANG_CXX_LANGUAGE_STANDARD = "gnu++20";
				CLANG_ENABLE_MODULES = YES;
				CLANG_ENABLE_OBJC_ARC = YES;
				CLANG_ENABLE_OBJC_WEAK = YES;
				CLANG_WARN_BLOCK_CAPTURE_AUTORELEASING = YES;
				CLANG_WARN_BOOL_CONVERSION = YES;
				CLANG_WARN_COMMA = YES;
				CLANG_WARN_CONSTANT_CONVERSION = YES;
				CLANG_WARN_DEPRECATED_OBJC_IMPLEMENTATIONS = YES;
				CLANG_WARN_DIRECT_OBJC_ISA_USAGE = YES_ERROR;
				CLANG_WARN_DOCUMENTATION_COMMENTS = YES;
				CLANG_WARN_EMPTY_BODY = YES;
				CLANG_WARN_ENUM_CONVERSION = YES;
				CLANG_WARN_INFINITE_RECURSION = YES;
				CLANG_WARN_INT_CONVERSION = YES;
				CLANG_WARN_NON_LITERAL_NULL_CONVERSION = YES;
				CLANG_WARN_OBJC_IMPLICIT_RETAIN_SELF = YES;
				CLANG_WARN_OBJC_LITERAL_CONVERSION = YES;
				CLANG_WARN_OBJC_ROOT_CLASS = YES_ERROR;
				CLANG_WARN_QUOTED_INCLUDE_IN_FRAMEWORK_HEADER = YES;
				CLANG_WARN_RANGE_LOOP_ANALYSIS = YES;
				CLANG_WARN_STRICT_PROTOTYPES = YES;
				CLANG_WARN_SUSPICIOUS_MOVE = YES;
				CLANG_WARN_UNGUARDED_AVAILABILITY = YES_AGGRESSIVE;
				CLANG_WARN_UNREACHABLE_CODE = YES;
				CLANG_WARN__DUPLICATE_METHOD_MATCH = YES;
				COPY_PHASE_STRIP = NO;
				DEBUG_INFORMATION_FORMAT = "dwarf-with-dsym";
				ENABLE_NS_ASSERTIONS = NO;
				ENABLE_STRICT_OBJC_MSGSEND = YES;
				GCC_C_LANGUAGE_STANDARD = gnu11;
				GCC_NO_COMMON_BLOCKS = YES;
				GCC_WARN_64_TO_32_BIT_CONVERSION = YES;
				GCC_WARN_ABOUT_RETURN_TYPE = YES_ERROR;
				GCC_WARN_UNDECLARED_SELECTOR = YES;
				GCC_WARN_UNINITIALIZED_AUTOS = YES_AGGRESSIVE;
				GCC_WARN_UNUSED_FUNCTION = YES;
				GCC_WARN_UNUSED_VARIABLE = YES;
				IPHONEOS_DEPLOYMENT_TARGET = 16.4;
				MTL_ENABLE_DEBUG_INFO = NO;
				MTL_FAST_MATH = YES;
				SDKROOT = iphoneos;
				SWIFT_COMPILATION_MODE = wholemodule;
				SWIFT_OPTIMIZATION_LEVEL = "-O";
				VALIDATE_PRODUCT = YES;
			};
			name = Release;
		};
		9E507C7D2AE108210079C611 /* Debug */ = {
			isa = XCBuildConfiguration;
			baseConfigurationReference = D77F7622CDA155104248D516 /* Pods-PersonalBlog.debug.xcconfig */;
			buildSettings = {
				ASSETCATALOG_COMPILER_APPICON_NAME = AppIcon;
				ASSETCATALOG_COMPILER_GLOBAL_ACCENT_COLOR_NAME = AccentColor;
				CODE_SIGN_STYLE = Automatic;
				CURRENT_PROJECT_VERSION = 1;
				DEVELOPMENT_TEAM = KFKP37Q73C;
				GENERATE_INFOPLIST_FILE = YES;
				INFOPLIST_FILE = PersonalBlog/Info.plist;
				INFOPLIST_KEY_UIApplicationSupportsIndirectInputEvents = YES;
				INFOPLIST_KEY_UILaunchStoryboardName = LaunchScreen;
				INFOPLIST_KEY_UISupportedInterfaceOrientations = UIInterfaceOrientationPortrait;
				LD_RUNPATH_SEARCH_PATHS = (
					"$(inherited)",
					"@executable_path/Frameworks",
				);
				MARKETING_VERSION = 1.0;
				PRODUCT_BUNDLE_IDENTIFIER = co.khenbo.PersonalBlog;
				PRODUCT_NAME = "$(TARGET_NAME)";
				SWIFT_EMIT_LOC_STRINGS = YES;
				SWIFT_VERSION = 5.0;
				TARGETED_DEVICE_FAMILY = "1,2";
			};
			name = Debug;
		};
		9E507C7E2AE108210079C611 /* Release */ = {
			isa = XCBuildConfiguration;
			baseConfigurationReference = 133C330241965473401379F9 /* Pods-PersonalBlog.release.xcconfig */;
			buildSettings = {
				ASSETCATALOG_COMPILER_APPICON_NAME = AppIcon;
				ASSETCATALOG_COMPILER_GLOBAL_ACCENT_COLOR_NAME = AccentColor;
				CODE_SIGN_STYLE = Automatic;
				CURRENT_PROJECT_VERSION = 1;
				DEVELOPMENT_TEAM = KFKP37Q73C;
				GENERATE_INFOPLIST_FILE = YES;
				INFOPLIST_FILE = PersonalBlog/Info.plist;
				INFOPLIST_KEY_UIApplicationSupportsIndirectInputEvents = YES;
				INFOPLIST_KEY_UILaunchStoryboardName = LaunchScreen;
				INFOPLIST_KEY_UISupportedInterfaceOrientations = UIInterfaceOrientationPortrait;
				LD_RUNPATH_SEARCH_PATHS = (
					"$(inherited)",
					"@executable_path/Frameworks",
				);
				MARKETING_VERSION = 1.0;
				PRODUCT_BUNDLE_IDENTIFIER = co.khenbo.PersonalBlog;
				PRODUCT_NAME = "$(TARGET_NAME)";
				SWIFT_EMIT_LOC_STRINGS = YES;
				SWIFT_VERSION = 5.0;
				TARGETED_DEVICE_FAMILY = "1,2";
			};
			name = Release;
		};
/* End XCBuildConfiguration section */

/* Begin XCConfigurationList section */
		9E507C632AE108200079C611 /* Build configuration list for PBXProject "PersonalBlog" */ = {
			isa = XCConfigurationList;
			buildConfigurations = (
				9E507C7A2AE108210079C611 /* Debug */,
				9E507C7B2AE108210079C611 /* Release */,
			);
			defaultConfigurationIsVisible = 0;
			defaultConfigurationName = Release;
		};
		9E507C7C2AE108210079C611 /* Build configuration list for PBXNativeTarget "PersonalBlog" */ = {
			isa = XCConfigurationList;
			buildConfigurations = (
				9E507C7D2AE108210079C611 /* Debug */,
				9E507C7E2AE108210079C611 /* Release */,
			);
			defaultConfigurationIsVisible = 0;
			defaultConfigurationName = Release;
		};
/* End XCConfigurationList section */
	};
	rootObject = 9E507C602AE108200079C611 /* Project object */;
}
