// !$*UTF8*$!
{
	archiveVersion = 1;
	classes = {
	};
	objectVersion = 56;
	objects = {

/* Begin PBXBuildFile section */
		63765584AF7E49647D1A4D41 /* Pods_Airbnb.framework in Frameworks */ = {isa = PBXBuildFile; fileRef = 3A985002D3A556DF8271E8C7 /* Pods_Airbnb.framework */; };
		9E079FE42ADF87B7006399EC /* AboutHostView.swift in Sources */ = {isa = PBXBuildFile; fileRef = 9E079FE32ADF87B7006399EC /* AboutHostView.swift */; };
		9E079FE72ADFAFF5006399EC /* AirbnbListing.swift in Sources */ = {isa = PBXBuildFile; fileRef = 9E079FE62ADFAFF5006399EC /* AirbnbListing.swift */; };
		9E079FE92ADFB029006399EC /* AirbnbListingsResponse.swift in Sources */ = {isa = PBXBuildFile; fileRef = 9E079FE82ADFB029006399EC /* AirbnbListingsResponse.swift */; };
		9E079FEC2ADFB202006399EC /* AirbnbListingTableViewCellViewModel.swift in Sources */ = {isa = PBXBuildFile; fileRef = 9E079FEB2ADFB202006399EC /* AirbnbListingTableViewCellViewModel.swift */; };
		9E079FEE2ADFB42F006399EC /* AirbnbListingViewViewModel.swift in Sources */ = {isa = PBXBuildFile; fileRef = 9E079FED2ADFB42F006399EC /* AirbnbListingViewViewModel.swift */; };
		9EC40F7A2ADE536600D23F9A /* AppDelegate.swift in Sources */ = {isa = PBXBuildFile; fileRef = 9EC40F792ADE536600D23F9A /* AppDelegate.swift */; };
		9EC40F7C2ADE536600D23F9A /* SceneDelegate.swift in Sources */ = {isa = PBXBuildFile; fileRef = 9EC40F7B2ADE536600D23F9A /* SceneDelegate.swift */; };
		9EC40F7E2ADE536600D23F9A /* MainViewController.swift in Sources */ = {isa = PBXBuildFile; fileRef = 9EC40F7D2ADE536600D23F9A /* MainViewController.swift */; };
		9EC40F832ADE536700D23F9A /* Assets.xcassets in Resources */ = {isa = PBXBuildFile; fileRef = 9EC40F822ADE536700D23F9A /* Assets.xcassets */; };
		9EC40F862ADE536700D23F9A /* LaunchScreen.storyboard in Resources */ = {isa = PBXBuildFile; fileRef = 9EC40F842ADE536700D23F9A /* LaunchScreen.storyboard */; };
		9EC40F8F2ADE54B000D23F9A /* AirbnbListingTableViewCell.swift in Sources */ = {isa = PBXBuildFile; fileRef = 9EC40F8E2ADE54B000D23F9A /* AirbnbListingTableViewCell.swift */; };
		9EC40F912ADE54DB00D23F9A /* AirbnbDetailScrollViewViewController.swift in Sources */ = {isa = PBXBuildFile; fileRef = 9EC40F902ADE54DB00D23F9A /* AirbnbDetailScrollViewViewController.swift */; };
		9EC40F942ADE556700D23F9A /* APIService.swift in Sources */ = {isa = PBXBuildFile; fileRef = 9EC40F932ADE556700D23F9A /* APIService.swift */; };
		9EC40F972ADE5C2900D23F9A /* Extension.swift in Sources */ = {isa = PBXBuildFile; fileRef = 9EC40F962ADE5C2900D23F9A /* Extension.swift */; };
/* End PBXBuildFile section */

/* Begin PBXFileReference section */
		334376801E9D21E5465A2B0C /* Pods-Airbnb.debug.xcconfig */ = {isa = PBXFileReference; includeInIndex = 1; lastKnownFileType = text.xcconfig; name = "Pods-Airbnb.debug.xcconfig"; path = "Target Support Files/Pods-Airbnb/Pods-Airbnb.debug.xcconfig"; sourceTree = "<group>"; };
		3A985002D3A556DF8271E8C7 /* Pods_Airbnb.framework */ = {isa = PBXFileReference; explicitFileType = wrapper.framework; includeInIndex = 0; path = Pods_Airbnb.framework; sourceTree = BUILT_PRODUCTS_DIR; };
		9E079FE32ADF87B7006399EC /* AboutHostView.swift */ = {isa = PBXFileReference; lastKnownFileType = sourcecode.swift; path = AboutHostView.swift; sourceTree = "<group>"; };
		9E079FE62ADFAFF5006399EC /* AirbnbListing.swift */ = {isa = PBXFileReference; lastKnownFileType = sourcecode.swift; path = AirbnbListing.swift; sourceTree = "<group>"; };
		9E079FE82ADFB029006399EC /* AirbnbListingsResponse.swift */ = {isa = PBXFileReference; lastKnownFileType = sourcecode.swift; path = AirbnbListingsResponse.swift; sourceTree = "<group>"; };
		9E079FEB2ADFB202006399EC /* AirbnbListingTableViewCellViewModel.swift */ = {isa = PBXFileReference; lastKnownFileType = sourcecode.swift; path = AirbnbListingTableViewCellViewModel.swift; sourceTree = "<group>"; };
		9E079FED2ADFB42F006399EC /* AirbnbListingViewViewModel.swift */ = {isa = PBXFileReference; lastKnownFileType = sourcecode.swift; path = AirbnbListingViewViewModel.swift; sourceTree = "<group>"; };
		9EC40F762ADE536600D23F9A /* Airbnb.app */ = {isa = PBXFileReference; explicitFileType = wrapper.application; includeInIndex = 0; path = Airbnb.app; sourceTree = BUILT_PRODUCTS_DIR; };
		9EC40F792ADE536600D23F9A /* AppDelegate.swift */ = {isa = PBXFileReference; lastKnownFileType = sourcecode.swift; path = AppDelegate.swift; sourceTree = "<group>"; };
		9EC40F7B2ADE536600D23F9A /* SceneDelegate.swift */ = {isa = PBXFileReference; lastKnownFileType = sourcecode.swift; path = SceneDelegate.swift; sourceTree = "<group>"; };
		9EC40F7D2ADE536600D23F9A /* MainViewController.swift */ = {isa = PBXFileReference; lastKnownFileType = sourcecode.swift; path = MainViewController.swift; sourceTree = "<group>"; };
		9EC40F822ADE536700D23F9A /* Assets.xcassets */ = {isa = PBXFileReference; lastKnownFileType = folder.assetcatalog; path = Assets.xcassets; sourceTree = "<group>"; };
		9EC40F852ADE536700D23F9A /* Base */ = {isa = PBXFileReference; lastKnownFileType = file.storyboard; name = Base; path = Base.lproj/LaunchScreen.storyboard; sourceTree = "<group>"; };
		9EC40F872ADE536700D23F9A /* Info.plist */ = {isa = PBXFileReference; lastKnownFileType = text.plist.xml; path = Info.plist; sourceTree = "<group>"; };
		9EC40F8E2ADE54B000D23F9A /* AirbnbListingTableViewCell.swift */ = {isa = PBXFileReference; lastKnownFileType = sourcecode.swift; path = AirbnbListingTableViewCell.swift; sourceTree = "<group>"; };
		9EC40F902ADE54DB00D23F9A /* AirbnbDetailScrollViewViewController.swift */ = {isa = PBXFileReference; lastKnownFileType = sourcecode.swift; path = AirbnbDetailScrollViewViewController.swift; sourceTree = "<group>"; };
		9EC40F932ADE556700D23F9A /* APIService.swift */ = {isa = PBXFileReference; lastKnownFileType = sourcecode.swift; path = APIService.swift; sourceTree = "<group>"; };
		9EC40F962ADE5C2900D23F9A /* Extension.swift */ = {isa = PBXFileReference; lastKnownFileType = sourcecode.swift; path = Extension.swift; sourceTree = "<group>"; };
		C9C7B7225F80479B34122B94 /* Pods-Airbnb.release.xcconfig */ = {isa = PBXFileReference; includeInIndex = 1; lastKnownFileType = text.xcconfig; name = "Pods-Airbnb.release.xcconfig"; path = "Target Support Files/Pods-Airbnb/Pods-Airbnb.release.xcconfig"; sourceTree = "<group>"; };
/* End PBXFileReference section */

/* Begin PBXFrameworksBuildPhase section */
		9EC40F732ADE536600D23F9A /* Frameworks */ = {
			isa = PBXFrameworksBuildPhase;
			buildActionMask = 2147483647;
			files = (
				63765584AF7E49647D1A4D41 /* Pods_Airbnb.framework in Frameworks */,
			);
			runOnlyForDeploymentPostprocessing = 0;
		};
/* End PBXFrameworksBuildPhase section */

/* Begin PBXGroup section */
		1A9D8183F94B5BFF0B985FC5 /* Frameworks */ = {
			isa = PBXGroup;
			children = (
				3A985002D3A556DF8271E8C7 /* Pods_Airbnb.framework */,
			);
			name = Frameworks;
			sourceTree = "<group>";
		};
		9E079FE52ADFAFE6006399EC /* Models */ = {
			isa = PBXGroup;
			children = (
				9E079FE62ADFAFF5006399EC /* AirbnbListing.swift */,
				9E079FE82ADFB029006399EC /* AirbnbListingsResponse.swift */,
			);
			path = Models;
			sourceTree = "<group>";
		};
		9E079FEA2ADFB1D5006399EC /* ViewModels */ = {
			isa = PBXGroup;
			children = (
				9E079FEB2ADFB202006399EC /* AirbnbListingTableViewCellViewModel.swift */,
				9E079FED2ADFB42F006399EC /* AirbnbListingViewViewModel.swift */,
			);
			path = ViewModels;
			sourceTree = "<group>";
		};
		9EC40F6D2ADE536500D23F9A = {
			isa = PBXGroup;
			children = (
				9EC40F782ADE536600D23F9A /* Airbnb */,
				9EC40F772ADE536600D23F9A /* Products */,
				A65A1F4D48D6E9F66871001C /* Pods */,
				1A9D8183F94B5BFF0B985FC5 /* Frameworks */,
			);
			sourceTree = "<group>";
		};
		9EC40F772ADE536600D23F9A /* Products */ = {
			isa = PBXGroup;
			children = (
				9EC40F762ADE536600D23F9A /* Airbnb.app */,
			);
			name = Products;
			sourceTree = "<group>";
		};
		9EC40F782ADE536600D23F9A /* Airbnb */ = {
			isa = PBXGroup;
			children = (
				9E079FEA2ADFB1D5006399EC /* ViewModels */,
				9E079FE52ADFAFE6006399EC /* Models */,
				9EC40F982ADE659500D23F9A /* Controllers */,
				9EC40F952ADE558500D23F9A /* Resources */,
				9EC40F922ADE555400D23F9A /* Serivice */,
				9EC40F8D2ADE547D00D23F9A /* Views */,
				9EC40F872ADE536700D23F9A /* Info.plist */,
			);
			path = Airbnb;
			sourceTree = "<group>";
		};
		9EC40F8D2ADE547D00D23F9A /* Views */ = {
			isa = PBXGroup;
			children = (
				9EC40F8E2ADE54B000D23F9A /* AirbnbListingTableViewCell.swift */,
				9E079FE32ADF87B7006399EC /* AboutHostView.swift */,
			);
			path = Views;
			sourceTree = "<group>";
		};
		9EC40F922ADE555400D23F9A /* Serivice */ = {
			isa = PBXGroup;
			children = (
				9EC40F932ADE556700D23F9A /* APIService.swift */,
			);
			path = Serivice;
			sourceTree = "<group>";
		};
		9EC40F952ADE558500D23F9A /* Resources */ = {
			isa = PBXGroup;
			children = (
				9EC40F792ADE536600D23F9A /* AppDelegate.swift */,
				9EC40F7B2ADE536600D23F9A /* SceneDelegate.swift */,
				9EC40F822ADE536700D23F9A /* Assets.xcassets */,
				9EC40F842ADE536700D23F9A /* LaunchScreen.storyboard */,
				9EC40F962ADE5C2900D23F9A /* Extension.swift */,
			);
			path = Resources;
			sourceTree = "<group>";
		};
		9EC40F982ADE659500D23F9A /* Controllers */ = {
			isa = PBXGroup;
			children = (
				9EC40F902ADE54DB00D23F9A /* AirbnbDetailScrollViewViewController.swift */,
				9EC40F7D2ADE536600D23F9A /* MainViewController.swift */,
			);
			path = Controllers;
			sourceTree = "<group>";
		};
		A65A1F4D48D6E9F66871001C /* Pods */ = {
			isa = PBXGroup;
			children = (
				334376801E9D21E5465A2B0C /* Pods-Airbnb.debug.xcconfig */,
				C9C7B7225F80479B34122B94 /* Pods-Airbnb.release.xcconfig */,
			);
			path = Pods;
			sourceTree = "<group>";
		};
/* End PBXGroup section */

/* Begin PBXNativeTarget section */
		9EC40F752ADE536600D23F9A /* Airbnb */ = {
			isa = PBXNativeTarget;
			buildConfigurationList = 9EC40F8A2ADE536700D23F9A /* Build configuration list for PBXNativeTarget "Airbnb" */;
			buildPhases = (
				3C78BDC80EFBED36FC7B56C4 /* [CP] Check Pods Manifest.lock */,
				9EC40F722ADE536600D23F9A /* Sources */,
				9EC40F732ADE536600D23F9A /* Frameworks */,
				9EC40F742ADE536600D23F9A /* Resources */,
				DDEF6422D5CD3F6CAD514189 /* [CP] Embed Pods Frameworks */,
			);
			buildRules = (
			);
			dependencies = (
			);
			name = Airbnb;
			productName = Airbnb;
			productReference = 9EC40F762ADE536600D23F9A /* Airbnb.app */;
			productType = "com.apple.product-type.application";
		};
/* End PBXNativeTarget section */

/* Begin PBXProject section */
		9EC40F6E2ADE536500D23F9A /* Project object */ = {
			isa = PBXProject;
			attributes = {
				BuildIndependentTargetsInParallel = 1;
				LastSwiftUpdateCheck = 1430;
				LastUpgradeCheck = 1430;
				TargetAttributes = {
					9EC40F752ADE536600D23F9A = {
						CreatedOnToolsVersion = 14.3.1;
					};
				};
			};
			buildConfigurationList = 9EC40F712ADE536500D23F9A /* Build configuration list for PBXProject "Airbnb" */;
			compatibilityVersion = "Xcode 14.0";
			developmentRegion = en;
			hasScannedForEncodings = 0;
			knownRegions = (
				en,
				Base,
			);
			mainGroup = 9EC40F6D2ADE536500D23F9A;
			productRefGroup = 9EC40F772ADE536600D23F9A /* Products */;
			projectDirPath = "";
			projectRoot = "";
			targets = (
				9EC40F752ADE536600D23F9A /* Airbnb */,
			);
		};
/* End PBXProject section */

/* Begin PBXResourcesBuildPhase section */
		9EC40F742ADE536600D23F9A /* Resources */ = {
			isa = PBXResourcesBuildPhase;
			buildActionMask = 2147483647;
			files = (
				9EC40F862ADE536700D23F9A /* LaunchScreen.storyboard in Resources */,
				9EC40F832ADE536700D23F9A /* Assets.xcassets in Resources */,
			);
			runOnlyForDeploymentPostprocessing = 0;
		};
/* End PBXResourcesBuildPhase section */

/* Begin PBXShellScriptBuildPhase section */
		3C78BDC80EFBED36FC7B56C4 /* [CP] Check Pods Manifest.lock */ = {
			isa = PBXShellScriptBuildPhase;
			buildActionMask = 2147483647;
			files = (
			);
			inputFileListPaths = (
			);
			inputPaths = (
				"${PODS_PODFILE_DIR_PATH}/Podfile.lock",
				"${PODS_ROOT}/Manifest.lock",
			);
			name = "[CP] Check Pods Manifest.lock";
			outputFileListPaths = (
			);
			outputPaths = (
				"$(DERIVED_FILE_DIR)/Pods-Airbnb-checkManifestLockResult.txt",
			);
			runOnlyForDeploymentPostprocessing = 0;
			shellPath = /bin/sh;
			shellScript = "diff \"${PODS_PODFILE_DIR_PATH}/Podfile.lock\" \"${PODS_ROOT}/Manifest.lock\" > /dev/null\nif [ $? != 0 ] ; then\n    # print error to STDERR\n    echo \"error: The sandbox is not in sync with the Podfile.lock. Run 'pod install' or update your CocoaPods installation.\" >&2\n    exit 1\nfi\n# This output is used by Xcode 'outputs' to avoid re-running this script phase.\necho \"SUCCESS\" > \"${SCRIPT_OUTPUT_FILE_0}\"\n";
			showEnvVarsInLog = 0;
		};
		DDEF6422D5CD3F6CAD514189 /* [CP] Embed Pods Frameworks */ = {
			isa = PBXShellScriptBuildPhase;
			buildActionMask = 2147483647;
			files = (
			);
			inputFileListPaths = (
				"${PODS_ROOT}/Target Support Files/Pods-Airbnb/Pods-Airbnb-frameworks-${CONFIGURATION}-input-files.xcfilelist",
			);
			name = "[CP] Embed Pods Frameworks";
			outputFileListPaths = (
				"${PODS_ROOT}/Target Support Files/Pods-Airbnb/Pods-Airbnb-frameworks-${CONFIGURATION}-output-files.xcfilelist",
			);
			runOnlyForDeploymentPostprocessing = 0;
			shellPath = /bin/sh;
			shellScript = "\"${PODS_ROOT}/Target Support Files/Pods-Airbnb/Pods-Airbnb-frameworks.sh\"\n";
			showEnvVarsInLog = 0;
		};
/* End PBXShellScriptBuildPhase section */

/* Begin PBXSourcesBuildPhase section */
		9EC40F722ADE536600D23F9A /* Sources */ = {
			isa = PBXSourcesBuildPhase;
			buildActionMask = 2147483647;
			files = (
				9EC40F8F2ADE54B000D23F9A /* AirbnbListingTableViewCell.swift in Sources */,
				9E079FEC2ADFB202006399EC /* AirbnbListingTableViewCellViewModel.swift in Sources */,
				9EC40F7E2ADE536600D23F9A /* MainViewController.swift in Sources */,
				9E079FEE2ADFB42F006399EC /* AirbnbListingViewViewModel.swift in Sources */,
				9EC40F972ADE5C2900D23F9A /* Extension.swift in Sources */,
				9EC40F912ADE54DB00D23F9A /* AirbnbDetailScrollViewViewController.swift in Sources */,
				9E079FE72ADFAFF5006399EC /* AirbnbListing.swift in Sources */,
				9EC40F7A2ADE536600D23F9A /* AppDelegate.swift in Sources */,
				9E079FE92ADFB029006399EC /* AirbnbListingsResponse.swift in Sources */,
				9EC40F942ADE556700D23F9A /* APIService.swift in Sources */,
				9E079FE42ADF87B7006399EC /* AboutHostView.swift in Sources */,
				9EC40F7C2ADE536600D23F9A /* SceneDelegate.swift in Sources */,
			);
			runOnlyForDeploymentPostprocessing = 0;
		};
/* End PBXSourcesBuildPhase section */

/* Begin PBXVariantGroup section */
		9EC40F842ADE536700D23F9A /* LaunchScreen.storyboard */ = {
			isa = PBXVariantGroup;
			children = (
				9EC40F852ADE536700D23F9A /* Base */,
			);
			name = LaunchScreen.storyboard;
			sourceTree = "<group>";
		};
/* End PBXVariantGroup section */

/* Begin XCBuildConfiguration section */
		9EC40F882ADE536700D23F9A /* Debug */ = {
			isa = XCBuildConfiguration;
			buildSettings = {
				ALWAYS_SEARCH_USER_PATHS = NO;
				CLANG_ANALYZER_NONNULL = YES;
				CLANG_ANALYZER_NUMBER_OBJECT_CONVERSION = YES_AGGRESSIVE;
				CLANG_CXX_LANGUAGE_STANDARD = "gnu++20";
				CLANG_ENABLE_MODULES = YES;
				CLANG_ENABLE_OBJC_ARC = YES;
				CLANG_ENABLE_OBJC_WEAK = YES;
				CLANG_WARN_BLOCK_CAPTURE_AUTORELEASING = YES;
				CLANG_WARN_BOOL_CONVERSION = YES;
				CLANG_WARN_COMMA = YES;
				CLANG_WARN_CONSTANT_CONVERSION = YES;
				CLANG_WARN_DEPRECATED_OBJC_IMPLEMENTATIONS = YES;
				CLANG_WARN_DIRECT_OBJC_ISA_USAGE = YES_ERROR;
				CLANG_WARN_DOCUMENTATION_COMMENTS = YES;
				CLANG_WARN_EMPTY_BODY = YES;
				CLANG_WARN_ENUM_CONVERSION = YES;
				CLANG_WARN_INFINITE_RECURSION = YES;
				CLANG_WARN_INT_CONVERSION = YES;
				CLANG_WARN_NON_LITERAL_NULL_CONVERSION = YES;
				CLANG_WARN_OBJC_IMPLICIT_RETAIN_SELF = YES;
				CLANG_WARN_OBJC_LITERAL_CONVERSION = YES;
				CLANG_WARN_OBJC_ROOT_CLASS = YES_ERROR;
				CLANG_WARN_QUOTED_INCLUDE_IN_FRAMEWORK_HEADER = YES;
				CLANG_WARN_RANGE_LOOP_ANALYSIS = YES;
				CLANG_WARN_STRICT_PROTOTYPES = YES;
				CLANG_WARN_SUSPICIOUS_MOVE = YES;
				CLANG_WARN_UNGUARDED_AVAILABILITY = YES_AGGRESSIVE;
				CLANG_WARN_UNREACHABLE_CODE = YES;
				CLANG_WARN__DUPLICATE_METHOD_MATCH = YES;
				COPY_PHASE_STRIP = NO;
				DEBUG_INFORMATION_FORMAT = dwarf;
				ENABLE_STRICT_OBJC_MSGSEND = YES;
				ENABLE_TESTABILITY = YES;
				GCC_C_LANGUAGE_STANDARD = gnu11;
				GCC_DYNAMIC_NO_PIC = NO;
				GCC_NO_COMMON_BLOCKS = YES;
				GCC_OPTIMIZATION_LEVEL = 0;
				GCC_PREPROCESSOR_DEFINITIONS = (
					"DEBUG=1",
					"$(inherited)",
				);
				GCC_WARN_64_TO_32_BIT_CONVERSION = YES;
				GCC_WARN_ABOUT_RETURN_TYPE = YES_ERROR;
				GCC_WARN_UNDECLARED_SELECTOR = YES;
				GCC_WARN_UNINITIALIZED_AUTOS = YES_AGGRESSIVE;
				GCC_WARN_UNUSED_FUNCTION = YES;
				GCC_WARN_UNUSED_VARIABLE = YES;
				IPHONEOS_DEPLOYMENT_TARGET = 16.4;
				MTL_ENABLE_DEBUG_INFO = INCLUDE_SOURCE;
				MTL_FAST_MATH = YES;
				ONLY_ACTIVE_ARCH = YES;
				SDKROOT = iphoneos;
				SWIFT_ACTIVE_COMPILATION_CONDITIONS = DEBUG;
				SWIFT_OPTIMIZATION_LEVEL = "-Onone";
			};
			name = Debug;
		};
		9EC40F892ADE536700D23F9A /* Release */ = {
			isa = XCBuildConfiguration;
			buildSettings = {
				ALWAYS_SEARCH_USER_PATHS = NO;
				CLANG_ANALYZER_NONNULL = YES;
				CLANG_ANALYZER_NUMBER_OBJECT_CONVERSION = YES_AGGRESSIVE;
				CLANG_CXX_LANGUAGE_STANDARD = "gnu++20";
				CLANG_ENABLE_MODULES = YES;
				CLANG_ENABLE_OBJC_ARC = YES;
				CLANG_ENABLE_OBJC_WEAK = YES;
				CLANG_WARN_BLOCK_CAPTURE_AUTORELEASING = YES;
				CLANG_WARN_BOOL_CONVERSION = YES;
				CLANG_WARN_COMMA = YES;
				CLANG_WARN_CONSTANT_CONVERSION = YES;
				CLANG_WARN_DEPRECATED_OBJC_IMPLEMENTATIONS = YES;
				CLANG_WARN_DIRECT_OBJC_ISA_USAGE = YES_ERROR;
				CLANG_WARN_DOCUMENTATION_COMMENTS = YES;
				CLANG_WARN_EMPTY_BODY = YES;
				CLANG_WARN_ENUM_CONVERSION = YES;
				CLANG_WARN_INFINITE_RECURSION = YES;
				CLANG_WARN_INT_CONVERSION = YES;
				CLANG_WARN_NON_LITERAL_NULL_CONVERSION = YES;
				CLANG_WARN_OBJC_IMPLICIT_RETAIN_SELF = YES;
				CLANG_WARN_OBJC_LITERAL_CONVERSION = YES;
				CLANG_WARN_OBJC_ROOT_CLASS = YES_ERROR;
				CLANG_WARN_QUOTED_INCLUDE_IN_FRAMEWORK_HEADER = YES;
				CLANG_WARN_RANGE_LOOP_ANALYSIS = YES;
				CLANG_WARN_STRICT_PROTOTYPES = YES;
				CLANG_WARN_SUSPICIOUS_MOVE = YES;
				CLANG_WARN_UNGUARDED_AVAILABILITY = YES_AGGRESSIVE;
				CLANG_WARN_UNREACHABLE_CODE = YES;
				CLANG_WARN__DUPLICATE_METHOD_MATCH = YES;
				COPY_PHASE_STRIP = NO;
				DEBUG_INFORMATION_FORMAT = "dwarf-with-dsym";
				ENABLE_NS_ASSERTIONS = NO;
				ENABLE_STRICT_OBJC_MSGSEND = YES;
				GCC_C_LANGUAGE_STANDARD = gnu11;
				GCC_NO_COMMON_BLOCKS = YES;
				GCC_WARN_64_TO_32_BIT_CONVERSION = YES;
				GCC_WARN_ABOUT_RETURN_TYPE = YES_ERROR;
				GCC_WARN_UNDECLARED_SELECTOR = YES;
				GCC_WARN_UNINITIALIZED_AUTOS = YES_AGGRESSIVE;
				GCC_WARN_UNUSED_FUNCTION = YES;
				GCC_WARN_UNUSED_VARIABLE = YES;
				IPHONEOS_DEPLOYMENT_TARGET = 16.4;
				MTL_ENABLE_DEBUG_INFO = NO;
				MTL_FAST_MATH = YES;
				SDKROOT = iphoneos;
				SWIFT_COMPILATION_MODE = wholemodule;
				SWIFT_OPTIMIZATION_LEVEL = "-O";
				VALIDATE_PRODUCT = YES;
			};
			name = Release;
		};
		9EC40F8B2ADE536700D23F9A /* Debug */ = {
			isa = XCBuildConfiguration;
			baseConfigurationReference = 334376801E9D21E5465A2B0C /* Pods-Airbnb.debug.xcconfig */;
			buildSettings = {
				ASSETCATALOG_COMPILER_APPICON_NAME = AppIcon;
				ASSETCATALOG_COMPILER_GLOBAL_ACCENT_COLOR_NAME = AccentColor;
				CODE_SIGN_STYLE = Automatic;
				CURRENT_PROJECT_VERSION = 1;
				DEVELOPMENT_TEAM = KFKP37Q73C;
				GENERATE_INFOPLIST_FILE = YES;
				INFOPLIST_FILE = Airbnb/Info.plist;
				INFOPLIST_KEY_UIApplicationSupportsIndirectInputEvents = YES;
				INFOPLIST_KEY_UILaunchStoryboardName = LaunchScreen;
				INFOPLIST_KEY_UISupportedInterfaceOrientations = UIInterfaceOrientationPortrait;
				LD_RUNPATH_SEARCH_PATHS = (
					"$(inherited)",
					"@executable_path/Frameworks",
				);
				MARKETING_VERSION = 1.0;
				PRODUCT_BUNDLE_IDENTIFIER = co.khenbo.Airbnb;
				PRODUCT_NAME = "$(TARGET_NAME)";
				SWIFT_EMIT_LOC_STRINGS = YES;
				SWIFT_VERSION = 5.0;
				TARGETED_DEVICE_FAMILY = "1,2";
			};
			name = Debug;
		};
		9EC40F8C2ADE536700D23F9A /* Release */ = {
			isa = XCBuildConfiguration;
			baseConfigurationReference = C9C7B7225F80479B34122B94 /* Pods-Airbnb.release.xcconfig */;
			buildSettings = {
				ASSETCATALOG_COMPILER_APPICON_NAME = AppIcon;
				ASSETCATALOG_COMPILER_GLOBAL_ACCENT_COLOR_NAME = AccentColor;
				CODE_SIGN_STYLE = Automatic;
				CURRENT_PROJECT_VERSION = 1;
				DEVELOPMENT_TEAM = KFKP37Q73C;
				GENERATE_INFOPLIST_FILE = YES;
				INFOPLIST_FILE = Airbnb/Info.plist;
				INFOPLIST_KEY_UIApplicationSupportsIndirectInputEvents = YES;
				INFOPLIST_KEY_UILaunchStoryboardName = LaunchScreen;
				INFOPLIST_KEY_UISupportedInterfaceOrientations = UIInterfaceOrientationPortrait;
				LD_RUNPATH_SEARCH_PATHS = (
					"$(inherited)",
					"@executable_path/Frameworks",
				);
				MARKETING_VERSION = 1.0;
				PRODUCT_BUNDLE_IDENTIFIER = co.khenbo.Airbnb;
				PRODUCT_NAME = "$(TARGET_NAME)";
				SWIFT_EMIT_LOC_STRINGS = YES;
				SWIFT_VERSION = 5.0;
				TARGETED_DEVICE_FAMILY = "1,2";
			};
			name = Release;
		};
/* End XCBuildConfiguration section */

/* Begin XCConfigurationList section */
		9EC40F712ADE536500D23F9A /* Build configuration list for PBXProject "Airbnb" */ = {
			isa = XCConfigurationList;
			buildConfigurations = (
				9EC40F882ADE536700D23F9A /* Debug */,
				9EC40F892ADE536700D23F9A /* Release */,
			);
			defaultConfigurationIsVisible = 0;
			defaultConfigurationName = Release;
		};
		9EC40F8A2ADE536700D23F9A /* Build configuration list for PBXNativeTarget "Airbnb" */ = {
			isa = XCConfigurationList;
			buildConfigurations = (
				9EC40F8B2ADE536700D23F9A /* Debug */,
				9EC40F8C2ADE536700D23F9A /* Release */,
			);
			defaultConfigurationIsVisible = 0;
			defaultConfigurationName = Release;
		};
/* End XCConfigurationList section */
	};
	rootObject = 9EC40F6E2ADE536500D23F9A /* Project object */;
}
